
Microsoft Visual Studio Solution File, Format Version 12.00
# Visual Studio Version 17
VisualStudioVersion = 17.4.33205.214
MinimumVisualStudioVersion = 10.0.40219.1
Project("{FAE04EC0-301F-11D3-BF4B-00C04F79EFBC}") = "BTLWEB", "BTLWEB.csproj", "{787CBE15-D5E0-416D-B21A-816CBFC591B9}"
EndProject
Global
	GlobalSection(SolutionConfigurationPlatforms) = preSolution
		Debug|Any CPU = Debug|Any CPU
		Release|Any CPU = Release|Any CPU
	EndGlobalSection
	GlobalSection(ProjectConfigurationPlatforms) = postSolution
		{787CBE15-D5E0-416D-B21A-816CBFC591B9}.Debug|Any CPU.ActiveCfg = Debug|Any CPU
		{787CBE15-D5E0-416D-B21A-816CBFC591B9}.Debug|Any CPU.Build.0 = Debug|Any CPU
		{787CBE15-D5E0-416D-B21A-816CBFC591B9}.Release|Any CPU.ActiveCfg = Release|Any CPU
		{787CBE15-D5E0-416D-B21A-816CBFC591B9}.Release|Any CPU.Build.0 = Release|Any CPU
	EndGlobalSection
	GlobalSection(SolutionProperties) = preSolution
		HideSolutionNode = FALSE
	EndGlobalSection
	GlobalSection(ExtensibilityGlobals) = postSolution
		SolutionGuid = {47020BFD-D8F7-454C-8C5A-98B2A6FE43CD}
	EndGlobalSection
EndGlobal
